// !$*UTF8*$!
{
	archiveVersion = 1;
	classes = {
	};
	objectVersion = 48;
	objects = {

/* Begin PBXBuildFile section */
		0C236E0C20562AC000D32A02 /* AppDelegate.swift in Sources */ = {isa = PBXBuildFile; fileRef = 0C236E0B20562AC000D32A02 /* AppDelegate.swift */; };
		0C236E0E20562AC000D32A02 /* ViewController.swift in Sources */ = {isa = PBXBuildFile; fileRef = 0C236E0D20562AC000D32A02 /* ViewController.swift */; };
		0C236E1120562AC000D32A02 /* Main.storyboard in Resources */ = {isa = PBXBuildFile; fileRef = 0C236E0F20562AC000D32A02 /* Main.storyboard */; };
		0C236E1320562AC000D32A02 /* Assets.xcassets in Resources */ = {isa = PBXBuildFile; fileRef = 0C236E1220562AC000D32A02 /* Assets.xcassets */; };
		0C236E1620562AC000D32A02 /* LaunchScreen.storyboard in Resources */ = {isa = PBXBuildFile; fileRef = 0C236E1420562AC000D32A02 /* LaunchScreen.storyboard */; };
		0C236E1E20562C4400D32A02 /* UIColor+Harmonies.swift in Sources */ = {isa = PBXBuildFile; fileRef = 0C236E1D20562C4400D32A02 /* UIColor+Harmonies.swift */; };
/* End PBXBuildFile section */

/* Begin PBXFileReference section */
		0C236E0820562AC000D32A02 /* ColorHarmonies.app */ = {isa = PBXFileReference; explicitFileType = wrapper.application; includeInIndex = 0; path = ColorHarmonies.app; sourceTree = BUILT_PRODUCTS_DIR; };
		0C236E0B20562AC000D32A02 /* AppDelegate.swift */ = {isa = PBXFileReference; lastKnownFileType = sourcecode.swift; path = AppDelegate.swift; sourceTree = "<group>"; };
		0C236E0D20562AC000D32A02 /* ViewController.swift */ = {isa = PBXFileReference; lastKnownFileType = sourcecode.swift; path = ViewController.swift; sourceTree = "<group>"; };
		0C236E1020562AC000D32A02 /* Base */ = {isa = PBXFileReference; lastKnownFileType = file.storyboard; name = Base; path = Base.lproj/Main.storyboard; sourceTree = "<group>"; };
		0C236E1220562AC000D32A02 /* Assets.xcassets */ = {isa = PBXFileReference; lastKnownFileType = folder.assetcatalog; path = Assets.xcassets; sourceTree = "<group>"; };
		0C236E1520562AC000D32A02 /* Base */ = {isa = PBXFileReference; lastKnownFileType = file.storyboard; name = Base; path = Base.lproj/LaunchScreen.storyboard; sourceTree = "<group>"; };
		0C236E1720562AC000D32A02 /* Info.plist */ = {isa = PBXFileReference; lastKnownFileType = text.plist.xml; path = Info.plist; sourceTree = "<group>"; };
		0C236E1D20562C4400D32A02 /* UIColor+Harmonies.swift */ = {isa = PBXFileReference; lastKnownFileType = sourcecode.swift; path = "UIColor+Harmonies.swift"; sourceTree = "<group>"; };
/* End PBXFileReference section */

/* Begin PBXFrameworksBuildPhase section */
		0C236E0520562AC000D32A02 /* Frameworks */ = {
			isa = PBXFrameworksBuildPhase;
			buildActionMask = 2147483647;
			files = (
			);
			runOnlyForDeploymentPostprocessing = 0;
		};
/* End PBXFrameworksBuildPhase section */

/* Begin PBXGroup section */
		0C236DFF20562AC000D32A02 = {
			isa = PBXGroup;
			children = (
				0C236E0A20562AC000D32A02 /* ColorHarmonies */,
				0C236E0920562AC000D32A02 /* Products */,
			);
			sourceTree = "<group>";
		};
		0C236E0920562AC000D32A02 /* Products */ = {
			isa = PBXGroup;
			children = (
				0C236E0820562AC000D32A02 /* ColorHarmonies.app */,
			);
			name = Products;
			sourceTree = "<group>";
		};
		0C236E0A20562AC000D32A02 /* ColorHarmonies */ = {
			isa = PBXGroup;
			children = (
				0C236E0B20562AC000D32A02 /* AppDelegate.swift */,
				0C236E0D20562AC000D32A02 /* ViewController.swift */,
				0C236E1D20562C4400D32A02 /* UIColor+Harmonies.swift */,
				0C236E0F20562AC000D32A02 /* Main.storyboard */,
				0C236E1220562AC000D32A02 /* Assets.xcassets */,
				0C236E1420562AC000D32A02 /* LaunchScreen.storyboard */,
				0C236E1720562AC000D32A02 /* Info.plist */,
			);
			path = ColorHarmonies;
			sourceTree = "<group>";
		};
/* End PBXGroup section */

/* Begin PBXNativeTarget section */
		0C236E0720562AC000D32A02 /* ColorHarmonies */ = {
			isa = PBXNativeTarget;
			buildConfigurationList = 0C236E1A20562AC000D32A02 /* Build configuration list for PBXNativeTarget "ColorHarmonies" */;
			buildPhases = (
				0C236E0420562AC000D32A02 /* Sources */,
				0C236E0520562AC000D32A02 /* Frameworks */,
				0C236E0620562AC000D32A02 /* Resources */,
			);
			buildRules = (
			);
			dependencies = (
			);
			name = ColorHarmonies;
			productName = ColorHarmonies;
			productReference = 0C236E0820562AC000D32A02 /* ColorHarmonies.app */;
			productType = "com.apple.product-type.application";
		};
/* End PBXNativeTarget section */

/* Begin PBXProject section */
		0C236E0020562AC000D32A02 /* Project object */ = {
			isa = PBXProject;
			attributes = {
				LastSwiftUpdateCheck = 0920;
				LastUpgradeCheck = 0920;
				ORGANIZATIONNAME = "Sam Jarman";
				TargetAttributes = {
					0C236E0720562AC000D32A02 = {
						CreatedOnToolsVersion = 9.2;
						ProvisioningStyle = Automatic;
					};
				};
			};
			buildConfigurationList = 0C236E0320562AC000D32A02 /* Build configuration list for PBXProject "ColorHarmonies" */;
			compatibilityVersion = "Xcode 8.0";
			developmentRegion = en;
			hasScannedForEncodings = 0;
			knownRegions = (
				en,
				Base,
			);
			mainGroup = 0C236DFF20562AC000D32A02;
			productRefGroup = 0C236E0920562AC000D32A02 /* Products */;
			projectDirPath = "";
			projectRoot = "";
			targets = (
				0C236E0720562AC000D32A02 /* ColorHarmonies */,
			);
		};
/* End PBXProject section */

/* Begin PBXResourcesBuildPhase section */
		0C236E0620562AC000D32A02 /* Resources */ = {
			isa = PBXResourcesBuildPhase;
			buildActionMask = 2147483647;
			files = (
				0C236E1620562AC000D32A02 /* LaunchScreen.storyboard in Resources */,
				0C236E1320562AC000D32A02 /* Assets.xcassets in Resources */,
				0C236E1120562AC000D32A02 /* Main.storyboard in Resources */,
			);
			runOnlyForDeploymentPostprocessing = 0;
		};
/* End PBXResourcesBuildPhase section */

/* Begin PBXSourcesBuildPhase section */
		0C236E0420562AC000D32A02 /* Sources */ = {
			isa = PBXSourcesBuildPhase;
			buildActionMask = 2147483647;
			files = (
				0C236E0E20562AC000D32A02 /* ViewController.swift in Sources */,
				0C236E0C20562AC000D32A02 /* AppDelegate.swift in Sources */,
				0C236E1E20562C4400D32A02 /* UIColor+Harmonies.swift in Sources */,
			);
			runOnlyForDeploymentPostprocessing = 0;
		};
/* End PBXSourcesBuildPhase section */

/* Begin PBXVariantGroup section */
		0C236E0F20562AC000D32A02 /* Main.storyboard */ = {
			isa = PBXVariantGroup;
			children = (
				0C236E1020562AC000D32A02 /* Base */,
			);
			name = Main.storyboard;
			sourceTree = "<group>";
		};
		0C236E1420562AC000D32A02 /* LaunchScreen.storyboard */ = {
			isa = PBXVariantGroup;
			children = (
				0C236E1520562AC000D32A02 /* Base */,
			);
			name = LaunchScreen.storyboard;
			sourceTree = "<group>";
		};
/* End PBXVariantGroup section */

/* Begin XCBuildConfiguration section */
		0C236E1820562AC000D32A02 /* Debug */ = {
			isa = XCBuildConfiguration;
			buildSettings = {
				ALWAYS_SEARCH_USER_PATHS = NO;
				CLANG_ANALYZER_NONNULL = YES;
				CLANG_ANALYZER_NUMBER_OBJECT_CONVERSION = YES_AGGRESSIVE;
				CLANG_CXX_LANGUAGE_STANDARD = "gnu++14";
				CLANG_CXX_LIBRARY = "libc++";
				CLANG_ENABLE_MODULES = YES;
				CLANG_ENABLE_OBJC_ARC = YES;
				CLANG_WARN_BLOCK_CAPTURE_AUTORELEASING = YES;
				CLANG_WARN_BOOL_CONVERSION = YES;
				CLANG_WARN_COMMA = YES;
				CLANG_WARN_CONSTANT_CONVERSION = YES;
				CLANG_WARN_DIRECT_OBJC_ISA_USAGE = YES_ERROR;
				CLANG_WARN_DOCUMENTATION_COMMENTS = YES;
				CLANG_WARN_EMPTY_BODY = YES;
				CLANG_WARN_ENUM_CONVERSION = YES;
				CLANG_WARN_INFINITE_RECURSION = YES;
				CLANG_WARN_INT_CONVERSION = YES;
				CLANG_WARN_NON_LITERAL_NULL_CONVERSION = YES;
				CLANG_WARN_OBJC_LITERAL_CONVERSION = YES;
				CLANG_WARN_OBJC_ROOT_CLASS = YES_ERROR;
				CLANG_WARN_RANGE_LOOP_ANALYSIS = YES;
				CLANG_WARN_STRICT_PROTOTYPES = YES;
				CLANG_WARN_SUSPICIOUS_MOVE = YES;
				CLANG_WARN_UNGUARDED_AVAILABILITY = YES_AGGRESSIVE;
				CLANG_WARN_UNREACHABLE_CODE = YES;
				CLANG_WARN__DUPLICATE_METHOD_MATCH = YES;
				CODE_SIGN_IDENTITY = "iPhone Developer";
				COPY_PHASE_STRIP = NO;
				DEBUG_INFORMATION_FORMAT = dwarf;
				ENABLE_STRICT_OBJC_MSGSEND = YES;
				ENABLE_TESTABILITY = YES;
				GCC_C_LANGUAGE_STANDARD = gnu11;
				GCC_DYNAMIC_NO_PIC = NO;
				GCC_NO_COMMON_BLOCKS = YES;
				GCC_OPTIMIZATION_LEVEL = 0;
				GCC_PREPROCESSOR_DEFINITIONS = (
					"DEBUG=1",
					"$(inherited)",
				);
				GCC_WARN_64_TO_32_BIT_CONVERSION = YES;
				GCC_WARN_ABOUT_RETURN_TYPE = YES_ERROR;
				GCC_WARN_UNDECLARED_SELECTOR = YES;
				GCC_WARN_UNINITIALIZED_AUTOS = YES_AGGRESSIVE;
				GCC_WARN_UNUSED_FUNCTION = YES;
				GCC_WARN_UNUSED_VARIABLE = YES;
				IPHONEOS_DEPLOYMENT_TARGET = 11.2;
				MTL_ENABLE_DEBUG_INFO = YES;
				ONLY_ACTIVE_ARCH = YES;
				SDKROOT = iphoneos;
				SWIFT_ACTIVE_COMPILATION_CONDITIONS = DEBUG;
				SWIFT_OPTIMIZATION_LEVEL = "-Onone";
			};
			name = Debug;
		};
		0C236E1920562AC000D32A02 /* Release */ = {
			isa = XCBuildConfiguration;
			buildSettings = {
				ALWAYS_SEARCH_USER_PATHS = NO;
				CLANG_ANALYZER_NONNULL = YES;
				CLANG_ANALYZER_NUMBER_OBJECT_CONVERSION = YES_AGGRESSIVE;
				CLANG_CXX_LANGUAGE_STANDARD = "gnu++14";
				CLANG_CXX_LIBRARY = "libc++";
				CLANG_ENABLE_MODULES = YES;
				CLANG_ENABLE_OBJC_ARC = YES;
				CLANG_WARN_BLOCK_CAPTURE_AUTORELEASING = YES;
				CLANG_WARN_BOOL_CONVERSION = YES;
				CLANG_WARN_COMMA = YES;
				CLANG_WARN_CONSTANT_CONVERSION = YES;
				CLANG_WARN_DIRECT_OBJC_ISA_USAGE = YES_ERROR;
				CLANG_WARN_DOCUMENTATION_COMMENTS = YES;
				CLANG_WARN_EMPTY_BODY = YES;
				CLANG_WARN_ENUM_CONVERSION = YES;
				CLANG_WARN_INFINITE_RECURSION = YES;
				CLANG_WARN_INT_CONVERSION = YES;
				CLANG_WARN_NON_LITERAL_NULL_CONVERSION = YES;
				CLANG_WARN_OBJC_LITERAL_CONVERSION = YES;
				CLANG_WARN_OBJC_ROOT_CLASS = YES_ERROR;
				CLANG_WARN_RANGE_LOOP_ANALYSIS = YES;
				CLANG_WARN_STRICT_PROTOTYPES = YES;
				CLANG_WARN_SUSPICIOUS_MOVE = YES;
				CLANG_WARN_UNGUARDED_AVAILABILITY = YES_AGGRESSIVE;
				CLANG_WARN_UNREACHABLE_CODE = YES;
				CLANG_WARN__DUPLICATE_METHOD_MATCH = YES;
				CODE_SIGN_IDENTITY = "iPhone Developer";
				COPY_PHASE_STRIP = NO;
				DEBUG_INFORMATION_FORMAT = "dwarf-with-dsym";
				ENABLE_NS_ASSERTIONS = NO;
				ENABLE_STRICT_OBJC_MSGSEND = YES;
				GCC_C_LANGUAGE_STANDARD = gnu11;
				GCC_NO_COMMON_BLOCKS = YES;
				GCC_WARN_64_TO_32_BIT_CONVERSION = YES;
				GCC_WARN_ABOUT_RETURN_TYPE = YES_ERROR;
				GCC_WARN_UNDECLARED_SELECTOR = YES;
				GCC_WARN_UNINITIALIZED_AUTOS = YES_AGGRESSIVE;
				GCC_WARN_UNUSED_FUNCTION = YES;
				GCC_WARN_UNUSED_VARIABLE = YES;
				IPHONEOS_DEPLOYMENT_TARGET = 11.2;
				MTL_ENABLE_DEBUG_INFO = NO;
				SDKROOT = iphoneos;
				SWIFT_OPTIMIZATION_LEVEL = "-Owholemodule";
				VALIDATE_PRODUCT = YES;
			};
			name = Release;
		};
		0C236E1B20562AC000D32A02 /* Debug */ = {
			isa = XCBuildConfiguration;
			buildSettings = {
				ASSETCATALOG_COMPILER_APPICON_NAME = AppIcon;
				CODE_SIGN_STYLE = Automatic;
				INFOPLIST_FILE = ColorHarmonies/Info.plist;
				LD_RUNPATH_SEARCH_PATHS = "$(inherited) @executable_path/Frameworks";
				PRODUCT_BUNDLE_IDENTIFIER = zn.co.samjarman.ColorHarmonies;
				PRODUCT_NAME = "$(TARGET_NAME)";
				SWIFT_VERSION = 4.0;
				TARGETED_DEVICE_FAMILY = "1,2";
			};
			name = Debug;
		};
		0C236E1C20562AC000D32A02 /* Release */ = {
			isa = XCBuildConfiguration;
			buildSettings = {
				ASSETCATALOG_COMPILER_APPICON_NAME = AppIcon;
				CODE_SIGN_STYLE = Automatic;
				INFOPLIST_FILE = ColorHarmonies/Info.plist;
				LD_RUNPATH_SEARCH_PATHS = "$(inherited) @executable_path/Frameworks";
				PRODUCT_BUNDLE_IDENTIFIER = zn.co.samjarman.ColorHarmonies;
				PRODUCT_NAME = "$(TARGET_NAME)";
				SWIFT_VERSION = 4.0;
				TARGETED_DEVICE_FAMILY = "1,2";
			};
			name = Release;
		};
/* End XCBuildConfiguration section */

/* Begin XCConfigurationList section */
		0C236E0320562AC000D32A02 /* Build configuration list for PBXProject "ColorHarmonies" */ = {
			isa = XCConfigurationList;
			buildConfigurations = (
				0C236E1820562AC000D32A02 /* Debug */,
				0C236E1920562AC000D32A02 /* Release */,
			);
			defaultConfigurationIsVisible = 0;
			defaultConfigurationName = Release;
		};
		0C236E1A20562AC000D32A02 /* Build configuration list for PBXNativeTarget "ColorHarmonies" */ = {
			isa = XCConfigurationList;
			buildConfigurations = (
				0C236E1B20562AC000D32A02 /* Debug */,
				0C236E1C20562AC000D32A02 /* Release */,
			);
			defaultConfigurationIsVisible = 0;
			defaultConfigurationName = Release;
		};
/* End XCConfigurationList section */
	};
	rootObject = 0C236E0020562AC000D32A02 /* Project object */;
}
